// !$*UTF8*$!
{
	archiveVersion = 1;
	classes = {
	};
	objectVersion = 46;
	objects = {

/* Begin PBXBuildFile section */
		498543691D2A38F3003B69AC /* AppDelegate.swift in Sources */ = {isa = PBXBuildFile; fileRef = 498543681D2A38F3003B69AC /* AppDelegate.swift */; };
		4985436B1D2A38F3003B69AC /* ViewController.swift in Sources */ = {isa = PBXBuildFile; fileRef = 4985436A1D2A38F3003B69AC /* ViewController.swift */; };
		4985436E1D2A38F3003B69AC /* Main.storyboard in Resources */ = {isa = PBXBuildFile; fileRef = 4985436C1D2A38F3003B69AC /* Main.storyboard */; };
		498543701D2A38F3003B69AC /* Assets.xcassets in Resources */ = {isa = PBXBuildFile; fileRef = 4985436F1D2A38F3003B69AC /* Assets.xcassets */; };
		498543731D2A38F3003B69AC /* LaunchScreen.storyboard in Resources */ = {isa = PBXBuildFile; fileRef = 498543711D2A38F3003B69AC /* LaunchScreen.storyboard */; };
		4985437E1D2A38F3003B69AC /* LoginAppTests.swift in Sources */ = {isa = PBXBuildFile; fileRef = 4985437D1D2A38F3003B69AC /* LoginAppTests.swift */; };
		498543891D2A38F3003B69AC /* LoginAppUITests.swift in Sources */ = {isa = PBXBuildFile; fileRef = 498543881D2A38F3003B69AC /* LoginAppUITests.swift */; };
/* End PBXBuildFile section */

/* Begin PBXContainerItemProxy section */
		4985437A1D2A38F3003B69AC /* PBXContainerItemProxy */ = {
			isa = PBXContainerItemProxy;
			containerPortal = 4985435D1D2A38F3003B69AC /* Project object */;
			proxyType = 1;
			remoteGlobalIDString = 498543641D2A38F3003B69AC;
			remoteInfo = LoginApp;
		};
		498543851D2A38F3003B69AC /* PBXContainerItemProxy */ = {
			isa = PBXContainerItemProxy;
			containerPortal = 4985435D1D2A38F3003B69AC /* Project object */;
			proxyType = 1;
			remoteGlobalIDString = 498543641D2A38F3003B69AC;
			remoteInfo = LoginApp;
		};
/* End PBXContainerItemProxy section */

/* Begin PBXFileReference section */
		498543651D2A38F3003B69AC /* LoginApp.app */ = {isa = PBXFileReference; explicitFileType = wrapper.application; includeInIndex = 0; path = LoginApp.app; sourceTree = BUILT_PRODUCTS_DIR; };
		498543681D2A38F3003B69AC /* AppDelegate.swift */ = {isa = PBXFileReference; lastKnownFileType = sourcecode.swift; path = AppDelegate.swift; sourceTree = "<group>"; };
		4985436A1D2A38F3003B69AC /* ViewController.swift */ = {isa = PBXFileReference; lastKnownFileType = sourcecode.swift; path = ViewController.swift; sourceTree = "<group>"; };
		4985436D1D2A38F3003B69AC /* Base */ = {isa = PBXFileReference; lastKnownFileType = file.storyboard; name = Base; path = Base.lproj/Main.storyboard; sourceTree = "<group>"; };
		4985436F1D2A38F3003B69AC /* Assets.xcassets */ = {isa = PBXFileReference; lastKnownFileType = folder.assetcatalog; path = Assets.xcassets; sourceTree = "<group>"; };
		498543721D2A38F3003B69AC /* Base */ = {isa = PBXFileReference; lastKnownFileType = file.storyboard; name = Base; path = Base.lproj/LaunchScreen.storyboard; sourceTree = "<group>"; };
		498543741D2A38F3003B69AC /* Info.plist */ = {isa = PBXFileReference; lastKnownFileType = text.plist.xml; path = Info.plist; sourceTree = "<group>"; };
		498543791D2A38F3003B69AC /* LoginAppTests.xctest */ = {isa = PBXFileReference; explicitFileType = wrapper.cfbundle; includeInIndex = 0; path = LoginAppTests.xctest; sourceTree = BUILT_PRODUCTS_DIR; };
		4985437D1D2A38F3003B69AC /* LoginAppTests.swift */ = {isa = PBXFileReference; lastKnownFileType = sourcecode.swift; path = LoginAppTests.swift; sourceTree = "<group>"; };
		4985437F1D2A38F3003B69AC /* Info.plist */ = {isa = PBXFileReference; lastKnownFileType = text.plist.xml; path = Info.plist; sourceTree = "<group>"; };
		498543841D2A38F3003B69AC /* LoginAppUITests.xctest */ = {isa = PBXFileReference; explicitFileType = wrapper.cfbundle; includeInIndex = 0; path = LoginAppUITests.xctest; sourceTree = BUILT_PRODUCTS_DIR; };
		498543881D2A38F3003B69AC /* LoginAppUITests.swift */ = {isa = PBXFileReference; lastKnownFileType = sourcecode.swift; path = LoginAppUITests.swift; sourceTree = "<group>"; };
		4985438A1D2A38F3003B69AC /* Info.plist */ = {isa = PBXFileReference; lastKnownFileType = text.plist.xml; path = Info.plist; sourceTree = "<group>"; };
/* End PBXFileReference section */

/* Begin PBXFrameworksBuildPhase section */
		498543621D2A38F3003B69AC /* Frameworks */ = {
			isa = PBXFrameworksBuildPhase;
			buildActionMask = 2147483647;
			files = (
			);
			runOnlyForDeploymentPostprocessing = 0;
		};
		498543761D2A38F3003B69AC /* Frameworks */ = {
			isa = PBXFrameworksBuildPhase;
			buildActionMask = 2147483647;
			files = (
			);
			runOnlyForDeploymentPostprocessing = 0;
		};
		498543811D2A38F3003B69AC /* Frameworks */ = {
			isa = PBXFrameworksBuildPhase;
			buildActionMask = 2147483647;
			files = (
			);
			runOnlyForDeploymentPostprocessing = 0;
		};
/* End PBXFrameworksBuildPhase section */

/* Begin PBXGroup section */
		4985435C1D2A38F3003B69AC = {
			isa = PBXGroup;
			children = (
				498543671D2A38F3003B69AC /* LoginApp */,
				4985437C1D2A38F3003B69AC /* LoginAppTests */,
				498543871D2A38F3003B69AC /* LoginAppUITests */,
				498543661D2A38F3003B69AC /* Products */,
			);
			sourceTree = "<group>";
		};
		498543661D2A38F3003B69AC /* Products */ = {
			isa = PBXGroup;
			children = (
				498543651D2A38F3003B69AC /* LoginApp.app */,
				498543791D2A38F3003B69AC /* LoginAppTests.xctest */,
				498543841D2A38F3003B69AC /* LoginAppUITests.xctest */,
			);
			name = Products;
			sourceTree = "<group>";
		};
		498543671D2A38F3003B69AC /* LoginApp */ = {
			isa = PBXGroup;
			children = (
				498543681D2A38F3003B69AC /* AppDelegate.swift */,
				4985436A1D2A38F3003B69AC /* ViewController.swift */,
				4985436C1D2A38F3003B69AC /* Main.storyboard */,
				4985436F1D2A38F3003B69AC /* Assets.xcassets */,
				498543711D2A38F3003B69AC /* LaunchScreen.storyboard */,
				498543741D2A38F3003B69AC /* Info.plist */,
			);
			path = LoginApp;
			sourceTree = "<group>";
		};
		4985437C1D2A38F3003B69AC /* LoginAppTests */ = {
			isa = PBXGroup;
			children = (
				4985437D1D2A38F3003B69AC /* LoginAppTests.swift */,
				4985437F1D2A38F3003B69AC /* Info.plist */,
			);
			path = LoginAppTests;
			sourceTree = "<group>";
		};
		498543871D2A38F3003B69AC /* LoginAppUITests */ = {
			isa = PBXGroup;
			children = (
				498543881D2A38F3003B69AC /* LoginAppUITests.swift */,
				4985438A1D2A38F3003B69AC /* Info.plist */,
			);
			path = LoginAppUITests;
			sourceTree = "<group>";
		};
/* End PBXGroup section */

/* Begin PBXNativeTarget section */
		498543641D2A38F3003B69AC /* LoginApp */ = {
			isa = PBXNativeTarget;
			buildConfigurationList = 4985438D1D2A38F3003B69AC /* Build configuration list for PBXNativeTarget "LoginApp" */;
			buildPhases = (
				498543611D2A38F3003B69AC /* Sources */,
				498543621D2A38F3003B69AC /* Frameworks */,
				498543631D2A38F3003B69AC /* Resources */,
			);
			buildRules = (
			);
			dependencies = (
			);
			name = LoginApp;
			productName = LoginApp;
			productReference = 498543651D2A38F3003B69AC /* LoginApp.app */;
			productType = "com.apple.product-type.application";
		};
		498543781D2A38F3003B69AC /* LoginAppTests */ = {
			isa = PBXNativeTarget;
			buildConfigurationList = 498543901D2A38F3003B69AC /* Build configuration list for PBXNativeTarget "LoginAppTests" */;
			buildPhases = (
				498543751D2A38F3003B69AC /* Sources */,
				498543761D2A38F3003B69AC /* Frameworks */,
				498543771D2A38F3003B69AC /* Resources */,
			);
			buildRules = (
			);
			dependencies = (
				4985437B1D2A38F3003B69AC /* PBXTargetDependency */,
			);
			name = LoginAppTests;
			productName = LoginAppTests;
			productReference = 498543791D2A38F3003B69AC /* LoginAppTests.xctest */;
			productType = "com.apple.product-type.bundle.unit-test";
		};
		498543831D2A38F3003B69AC /* LoginAppUITests */ = {
			isa = PBXNativeTarget;
			buildConfigurationList = 498543931D2A38F3003B69AC /* Build configuration list for PBXNativeTarget "LoginAppUITests" */;
			buildPhases = (
				498543801D2A38F3003B69AC /* Sources */,
				498543811D2A38F3003B69AC /* Frameworks */,
				498543821D2A38F3003B69AC /* Resources */,
			);
			buildRules = (
			);
			dependencies = (
				498543861D2A38F3003B69AC /* PBXTargetDependency */,
			);
			name = LoginAppUITests;
			productName = LoginAppUITests;
			productReference = 498543841D2A38F3003B69AC /* LoginAppUITests.xctest */;
			productType = "com.apple.product-type.bundle.ui-testing";
		};
/* End PBXNativeTarget section */

/* Begin PBXProject section */
		4985435D1D2A38F3003B69AC /* Project object */ = {
			isa = PBXProject;
			attributes = {
				LastSwiftUpdateCheck = 0730;
				LastUpgradeCheck = 0730;
				ORGANIZATIONNAME = "Prathamesh Talathi";
				TargetAttributes = {
					498543641D2A38F3003B69AC = {
						CreatedOnToolsVersion = 7.3.1;
					};
					498543781D2A38F3003B69AC = {
						CreatedOnToolsVersion = 7.3.1;
						TestTargetID = 498543641D2A38F3003B69AC;
					};
					498543831D2A38F3003B69AC = {
						CreatedOnToolsVersion = 7.3.1;
						TestTargetID = 498543641D2A38F3003B69AC;
					};
				};
			};
			buildConfigurationList = 498543601D2A38F3003B69AC /* Build configuration list for PBXProject "LoginApp" */;
			compatibilityVersion = "Xcode 3.2";
			developmentRegion = English;
			hasScannedForEncodings = 0;
			knownRegions = (
				en,
				Base,
			);
			mainGroup = 4985435C1D2A38F3003B69AC;
			productRefGroup = 498543661D2A38F3003B69AC /* Products */;
			projectDirPath = "";
			projectRoot = "";
			targets = (
				498543641D2A38F3003B69AC /* LoginApp */,
				498543781D2A38F3003B69AC /* LoginAppTests */,
				498543831D2A38F3003B69AC /* LoginAppUITests */,
			);
		};
/* End PBXProject section */

/* Begin PBXResourcesBuildPhase section */
		498543631D2A38F3003B69AC /* Resources */ = {
			isa = PBXResourcesBuildPhase;
			buildActionMask = 2147483647;
			files = (
				498543731D2A38F3003B69AC /* LaunchScreen.storyboard in Resources */,
				498543701D2A38F3003B69AC /* Assets.xcassets in Resources */,
				4985436E1D2A38F3003B69AC /* Main.storyboard in Resources */,
			);
			runOnlyForDeploymentPostprocessing = 0;
		};
		498543771D2A38F3003B69AC /* Resources */ = {
			isa = PBXResourcesBuildPhase;
			buildActionMask = 2147483647;
			files = (
			);
			runOnlyForDeploymentPostprocessing = 0;
		};
		498543821D2A38F3003B69AC /* Resources */ = {
			isa = PBXResourcesBuildPhase;
			buildActionMask = 2147483647;
			files = (
			);
			runOnlyForDeploymentPostprocessing = 0;
		};
/* End PBXResourcesBuildPhase section */

/* Begin PBXSourcesBuildPhase section */
		498543611D2A38F3003B69AC /* Sources */ = {
			isa = PBXSourcesBuildPhase;
			buildActionMask = 2147483647;
			files = (
				4985436B1D2A38F3003B69AC /* ViewController.swift in Sources */,
				498543691D2A38F3003B69AC /* AppDelegate.swift in Sources */,
			);
			runOnlyForDeploymentPostprocessing = 0;
		};
		498543751D2A38F3003B69AC /* Sources */ = {
			isa = PBXSourcesBuildPhase;
			buildActionMask = 2147483647;
			files = (
				4985437E1D2A38F3003B69AC /* LoginAppTests.swift in Sources */,
			);
			runOnlyForDeploymentPostprocessing = 0;
		};
		498543801D2A38F3003B69AC /* Sources */ = {
			isa = PBXSourcesBuildPhase;
			buildActionMask = 2147483647;
			files = (
				498543891D2A38F3003B69AC /* LoginAppUITests.swift in Sources */,
			);
			runOnlyForDeploymentPostprocessing = 0;
		};
/* End PBXSourcesBuildPhase section */

/* Begin PBXTargetDependency section */
		4985437B1D2A38F3003B69AC /* PBXTargetDependency */ = {
			isa = PBXTargetDependency;
			target = 498543641D2A38F3003B69AC /* LoginApp */;
			targetProxy = 4985437A1D2A38F3003B69AC /* PBXContainerItemProxy */;
		};
		498543861D2A38F3003B69AC /* PBXTargetDependency */ = {
			isa = PBXTargetDependency;
			target = 498543641D2A38F3003B69AC /* LoginApp */;
			targetProxy = 498543851D2A38F3003B69AC /* PBXContainerItemProxy */;
		};
/* End PBXTargetDependency section */

/* Begin PBXVariantGroup section */
		4985436C1D2A38F3003B69AC /* Main.storyboard */ = {
			isa = PBXVariantGroup;
			children = (
				4985436D1D2A38F3003B69AC /* Base */,
			);
			name = Main.storyboard;
			sourceTree = "<group>";
		};
		498543711D2A38F3003B69AC /* LaunchScreen.storyboard */ = {
			isa = PBXVariantGroup;
			children = (
				498543721D2A38F3003B69AC /* Base */,
			);
			name = LaunchScreen.storyboard;
			sourceTree = "<group>";
		};
/* End PBXVariantGroup section */

/* Begin XCBuildConfiguration section */
		4985438B1D2A38F3003B69AC /* Debug */ = {
			isa = XCBuildConfiguration;
			buildSettings = {
				ALWAYS_SEARCH_USER_PATHS = NO;
				CLANG_ANALYZER_NONNULL = YES;
				CLANG_CXX_LANGUAGE_STANDARD = "gnu++0x";
				CLANG_CXX_LIBRARY = "libc++";
				CLANG_ENABLE_MODULES = YES;
				CLANG_ENABLE_OBJC_ARC = YES;
				CLANG_WARN_BOOL_CONVERSION = YES;
				CLANG_WARN_CONSTANT_CONVERSION = YES;
				CLANG_WARN_DIRECT_OBJC_ISA_USAGE = YES_ERROR;
				CLANG_WARN_EMPTY_BODY = YES;
				CLANG_WARN_ENUM_CONVERSION = YES;
				CLANG_WARN_INT_CONVERSION = YES;
				CLANG_WARN_OBJC_ROOT_CLASS = YES_ERROR;
				CLANG_WARN_UNREACHABLE_CODE = YES;
				CLANG_WARN__DUPLICATE_METHOD_MATCH = YES;
				"CODE_SIGN_IDENTITY[sdk=iphoneos*]" = "iPhone Developer";
				COPY_PHASE_STRIP = NO;
				DEBUG_INFORMATION_FORMAT = dwarf;
				ENABLE_STRICT_OBJC_MSGSEND = YES;
				ENABLE_TESTABILITY = YES;
				GCC_C_LANGUAGE_STANDARD = gnu99;
				GCC_DYNAMIC_NO_PIC = NO;
				GCC_NO_COMMON_BLOCKS = YES;
				GCC_OPTIMIZATION_LEVEL = 0;
				GCC_PREPROCESSOR_DEFINITIONS = (
					"DEBUG=1",
					"$(inherited)",
				);
				GCC_WARN_64_TO_32_BIT_CONVERSION = YES;
				GCC_WARN_ABOUT_RETURN_TYPE = YES_ERROR;
				GCC_WARN_UNDECLARED_SELECTOR = YES;
				GCC_WARN_UNINITIALIZED_AUTOS = YES_AGGRESSIVE;
				GCC_WARN_UNUSED_FUNCTION = YES;
				GCC_WARN_UNUSED_VARIABLE = YES;
				IPHONEOS_DEPLOYMENT_TARGET = 9.3;
				MTL_ENABLE_DEBUG_INFO = YES;
				ONLY_ACTIVE_ARCH = YES;
				SDKROOT = iphoneos;
				SWIFT_OPTIMIZATION_LEVEL = "-Onone";
				TARGETED_DEVICE_FAMILY = "1,2";
			};
			name = Debug;
		};
		4985438C1D2A38F3003B69AC /* Release */ = {
			isa = XCBuildConfiguration;
			buildSettings = {
				ALWAYS_SEARCH_USER_PATHS = NO;
				CLANG_ANALYZER_NONNULL = YES;
				CLANG_CXX_LANGUAGE_STANDARD = "gnu++0x";
				CLANG_CXX_LIBRARY = "libc++";
				CLANG_ENABLE_MODULES = YES;
				CLANG_ENABLE_OBJC_ARC = YES;
				CLANG_WARN_BOOL_CONVERSION = YES;
				CLANG_WARN_CONSTANT_CONVERSION = YES;
				CLANG_WARN_DIRECT_OBJC_ISA_USAGE = YES_ERROR;
				CLANG_WARN_EMPTY_BODY = YES;
				CLANG_WARN_ENUM_CONVERSION = YES;
				CLANG_WARN_INT_CONVERSION = YES;
				CLANG_WARN_OBJC_ROOT_CLASS = YES_ERROR;
				CLANG_WARN_UNREACHABLE_CODE = YES;
				CLANG_WARN__DUPLICATE_METHOD_MATCH = YES;
				"CODE_SIGN_IDENTITY[sdk=iphoneos*]" = "iPhone Developer";
				COPY_PHASE_STRIP = NO;
				DEBUG_INFORMATION_FORMAT = "dwarf-with-dsym";
				ENABLE_NS_ASSERTIONS = NO;
				ENABLE_STRICT_OBJC_MSGSEND = YES;
				GCC_C_LANGUAGE_STANDARD = gnu99;
				GCC_NO_COMMON_BLOCKS = YES;
				GCC_WARN_64_TO_32_BIT_CONVERSION = YES;
				GCC_WARN_ABOUT_RETURN_TYPE = YES_ERROR;
				GCC_WARN_UNDECLARED_SELECTOR = YES;
				GCC_WARN_UNINITIALIZED_AUTOS = YES_AGGRESSIVE;
				GCC_WARN_UNUSED_FUNCTION = YES;
				GCC_WARN_UNUSED_VARIABLE = YES;
				IPHONEOS_DEPLOYMENT_TARGET = 9.3;
				MTL_ENABLE_DEBUG_INFO = NO;
				SDKROOT = iphoneos;
				TARGETED_DEVICE_FAMILY = "1,2";
				VALIDATE_PRODUCT = YES;
			};
			name = Release;
		};
		4985438E1D2A38F3003B69AC /* Debug */ = {
			isa = XCBuildConfiguration;
			buildSettings = {
				ASSETCATALOG_COMPILER_APPICON_NAME = AppIcon;
				INFOPLIST_FILE = LoginApp/Info.plist;
				LD_RUNPATH_SEARCH_PATHS = "$(inherited) @executable_path/Frameworks";
				PRODUCT_BUNDLE_IDENTIFIER = com.talentica.login.LoginApp;
				PRODUCT_NAME = "$(TARGET_NAME)";
			};
			name = Debug;
		};
		4985438F1D2A38F3003B69AC /* Release */ = {
			isa = XCBuildConfiguration;
			buildSettings = {
				ASSETCATALOG_COMPILER_APPICON_NAME = AppIcon;
				INFOPLIST_FILE = LoginApp/Info.plist;
				LD_RUNPATH_SEARCH_PATHS = "$(inherited) @executable_path/Frameworks";
				PRODUCT_BUNDLE_IDENTIFIER = com.talentica.login.LoginApp;
				PRODUCT_NAME = "$(TARGET_NAME)";
			};
			name = Release;
		};
		498543911D2A38F3003B69AC /* Debug */ = {
			isa = XCBuildConfiguration;
			buildSettings = {
				BUNDLE_LOADER = "$(TEST_HOST)";
				INFOPLIST_FILE = LoginAppTests/Info.plist;
				LD_RUNPATH_SEARCH_PATHS = "$(inherited) @executable_path/Frameworks @loader_path/Frameworks";
				PRODUCT_BUNDLE_IDENTIFIER = com.talentica.login.LoginAppTests;
				PRODUCT_NAME = "$(TARGET_NAME)";
				TEST_HOST = "$(BUILT_PRODUCTS_DIR)/LoginApp.app/LoginApp";
			};
			name = Debug;
		};
		498543921D2A38F3003B69AC /* Release */ = {
			isa = XCBuildConfiguration;
			buildSettings = {
				BUNDLE_LOADER = "$(TEST_HOST)";
				INFOPLIST_FILE = LoginAppTests/Info.plist;
				LD_RUNPATH_SEARCH_PATHS = "$(inherited) @executable_path/Frameworks @loader_path/Frameworks";
				PRODUCT_BUNDLE_IDENTIFIER = com.talentica.login.LoginAppTests;
				PRODUCT_NAME = "$(TARGET_NAME)";
				TEST_HOST = "$(BUILT_PRODUCTS_DIR)/LoginApp.app/LoginApp";
			};
			name = Release;
		};
		498543941D2A38F3003B69AC /* Debug */ = {
			isa = XCBuildConfiguration;
			buildSettings = {
				INFOPLIST_FILE = LoginAppUITests/Info.plist;
				LD_RUNPATH_SEARCH_PATHS = "$(inherited) @executable_path/Frameworks @loader_path/Frameworks";
				PRODUCT_BUNDLE_IDENTIFIER = com.talentica.login.LoginAppUITests;
				PRODUCT_NAME = "$(TARGET_NAME)";
				TEST_TARGET_NAME = LoginApp;
			};
			name = Debug;
		};
		498543951D2A38F3003B69AC /* Release */ = {
			isa = XCBuildConfiguration;
			buildSettings = {
				INFOPLIST_FILE = LoginAppUITests/Info.plist;
				LD_RUNPATH_SEARCH_PATHS = "$(inherited) @executable_path/Frameworks @loader_path/Frameworks";
				PRODUCT_BUNDLE_IDENTIFIER = com.talentica.login.LoginAppUITests;
				PRODUCT_NAME = "$(TARGET_NAME)";
				TEST_TARGET_NAME = LoginApp;
			};
			name = Release;
		};
/* End XCBuildConfiguration section */

/* Begin XCConfigurationList section */
		498543601D2A38F3003B69AC /* Build configuration list for PBXProject "LoginApp" */ = {
			isa = XCConfigurationList;
			buildConfigurations = (
				4985438B1D2A38F3003B69AC /* Debug */,
				4985438C1D2A38F3003B69AC /* Release */,
			);
			defaultConfigurationIsVisible = 0;
			defaultConfigurationName = Release;
		};
		4985438D1D2A38F3003B69AC /* Build configuration list for PBXNativeTarget "LoginApp" */ = {
			isa = XCConfigurationList;
			buildConfigurations = (
				4985438E1D2A38F3003B69AC /* Debug */,
				4985438F1D2A38F3003B69AC /* Release */,
			);
			defaultConfigurationIsVisible = 0;
		};
		498543901D2A38F3003B69AC /* Build configuration list for PBXNativeTarget "LoginAppTests" */ = {
			isa = XCConfigurationList;
			buildConfigurations = (
				498543911D2A38F3003B69AC /* Debug */,
				498543921D2A38F3003B69AC /* Release */,
			);
			defaultConfigurationIsVisible = 0;
		};
		498543931D2A38F3003B69AC /* Build configuration list for PBXNativeTarget "LoginAppUITests" */ = {
			isa = XCConfigurationList;
			buildConfigurations = (
				498543941D2A38F3003B69AC /* Debug */,
				498543951D2A38F3003B69AC /* Release */,
			);
			defaultConfigurationIsVisible = 0;
		};
/* End XCConfigurationList section */
	};
	rootObject = 4985435D1D2A38F3003B69AC /* Project object */;
}
